// !$*UTF8*$!
{
	archiveVersion = 1;
	classes = {
	};
	objectVersion = 50;
	objects = {

/* Begin PBXBuildFile section */
		BC63F43621EF51480079BF4B /* AppDelegate.swift in Sources */ = {isa = PBXBuildFile; fileRef = BC63F43521EF51480079BF4B /* AppDelegate.swift */; };
		BC63F43821EF51480079BF4B /* ViewController.swift in Sources */ = {isa = PBXBuildFile; fileRef = BC63F43721EF51480079BF4B /* ViewController.swift */; };
		BC63F43B21EF51480079BF4B /* Main.storyboard in Resources */ = {isa = PBXBuildFile; fileRef = BC63F43921EF51480079BF4B /* Main.storyboard */; };
		BC63F43E21EF51480079BF4B /* Signs.xcdatamodeld in Sources */ = {isa = PBXBuildFile; fileRef = BC63F43C21EF51480079BF4B /* Signs.xcdatamodeld */; };
		BC63F44021EF51490079BF4B /* Assets.xcassets in Resources */ = {isa = PBXBuildFile; fileRef = BC63F43F21EF51490079BF4B /* Assets.xcassets */; };
		BC63F44321EF51490079BF4B /* LaunchScreen.storyboard in Resources */ = {isa = PBXBuildFile; fileRef = BC63F44121EF51490079BF4B /* LaunchScreen.storyboard */; };
		BC63F44E21EF51490079BF4B /* SignsTests.swift in Sources */ = {isa = PBXBuildFile; fileRef = BC63F44D21EF51490079BF4B /* SignsTests.swift */; };
		BC63F45921EF51490079BF4B /* SignsUITests.swift in Sources */ = {isa = PBXBuildFile; fileRef = BC63F45821EF51490079BF4B /* SignsUITests.swift */; };
/* End PBXBuildFile section */

/* Begin PBXContainerItemProxy section */
		BC63F44A21EF51490079BF4B /* PBXContainerItemProxy */ = {
			isa = PBXContainerItemProxy;
			containerPortal = BC63F42A21EF51480079BF4B /* Project object */;
			proxyType = 1;
			remoteGlobalIDString = BC63F43121EF51480079BF4B;
			remoteInfo = Signs;
		};
		BC63F45521EF51490079BF4B /* PBXContainerItemProxy */ = {
			isa = PBXContainerItemProxy;
			containerPortal = BC63F42A21EF51480079BF4B /* Project object */;
			proxyType = 1;
			remoteGlobalIDString = BC63F43121EF51480079BF4B;
			remoteInfo = Signs;
		};
/* End PBXContainerItemProxy section */

/* Begin PBXFileReference section */
		BC63F43221EF51480079BF4B /* Signs.app */ = {isa = PBXFileReference; explicitFileType = wrapper.application; includeInIndex = 0; path = Signs.app; sourceTree = BUILT_PRODUCTS_DIR; };
		BC63F43521EF51480079BF4B /* AppDelegate.swift */ = {isa = PBXFileReference; lastKnownFileType = sourcecode.swift; path = AppDelegate.swift; sourceTree = "<group>"; };
		BC63F43721EF51480079BF4B /* ViewController.swift */ = {isa = PBXFileReference; lastKnownFileType = sourcecode.swift; path = ViewController.swift; sourceTree = "<group>"; };
		BC63F43A21EF51480079BF4B /* Base */ = {isa = PBXFileReference; lastKnownFileType = file.storyboard; name = Base; path = Base.lproj/Main.storyboard; sourceTree = "<group>"; };
		BC63F43D21EF51480079BF4B /* Signs.xcdatamodel */ = {isa = PBXFileReference; lastKnownFileType = wrapper.xcdatamodel; path = Signs.xcdatamodel; sourceTree = "<group>"; };
		BC63F43F21EF51490079BF4B /* Assets.xcassets */ = {isa = PBXFileReference; lastKnownFileType = folder.assetcatalog; path = Assets.xcassets; sourceTree = "<group>"; };
		BC63F44221EF51490079BF4B /* Base */ = {isa = PBXFileReference; lastKnownFileType = file.storyboard; name = Base; path = Base.lproj/LaunchScreen.storyboard; sourceTree = "<group>"; };
		BC63F44421EF51490079BF4B /* Info.plist */ = {isa = PBXFileReference; lastKnownFileType = text.plist.xml; path = Info.plist; sourceTree = "<group>"; };
		BC63F44921EF51490079BF4B /* SignsTests.xctest */ = {isa = PBXFileReference; explicitFileType = wrapper.cfbundle; includeInIndex = 0; path = SignsTests.xctest; sourceTree = BUILT_PRODUCTS_DIR; };
		BC63F44D21EF51490079BF4B /* SignsTests.swift */ = {isa = PBXFileReference; lastKnownFileType = sourcecode.swift; path = SignsTests.swift; sourceTree = "<group>"; };
		BC63F44F21EF51490079BF4B /* Info.plist */ = {isa = PBXFileReference; lastKnownFileType = text.plist.xml; path = Info.plist; sourceTree = "<group>"; };
		BC63F45421EF51490079BF4B /* SignsUITests.xctest */ = {isa = PBXFileReference; explicitFileType = wrapper.cfbundle; includeInIndex = 0; path = SignsUITests.xctest; sourceTree = BUILT_PRODUCTS_DIR; };
		BC63F45821EF51490079BF4B /* SignsUITests.swift */ = {isa = PBXFileReference; lastKnownFileType = sourcecode.swift; path = SignsUITests.swift; sourceTree = "<group>"; };
		BC63F45A21EF51490079BF4B /* Info.plist */ = {isa = PBXFileReference; lastKnownFileType = text.plist.xml; path = Info.plist; sourceTree = "<group>"; };
/* End PBXFileReference section */

/* Begin PBXFrameworksBuildPhase section */
		BC63F42F21EF51480079BF4B /* Frameworks */ = {
			isa = PBXFrameworksBuildPhase;
			buildActionMask = 2147483647;
			files = (
			);
			runOnlyForDeploymentPostprocessing = 0;
		};
		BC63F44621EF51490079BF4B /* Frameworks */ = {
			isa = PBXFrameworksBuildPhase;
			buildActionMask = 2147483647;
			files = (
			);
			runOnlyForDeploymentPostprocessing = 0;
		};
		BC63F45121EF51490079BF4B /* Frameworks */ = {
			isa = PBXFrameworksBuildPhase;
			buildActionMask = 2147483647;
			files = (
			);
			runOnlyForDeploymentPostprocessing = 0;
		};
/* End PBXFrameworksBuildPhase section */

/* Begin PBXGroup section */
		BC63F42921EF51480079BF4B = {
			isa = PBXGroup;
			children = (
				BC63F43421EF51480079BF4B /* Signs */,
				BC63F44C21EF51490079BF4B /* SignsTests */,
				BC63F45721EF51490079BF4B /* SignsUITests */,
				BC63F43321EF51480079BF4B /* Products */,
			);
			sourceTree = "<group>";
		};
		BC63F43321EF51480079BF4B /* Products */ = {
			isa = PBXGroup;
			children = (
				BC63F43221EF51480079BF4B /* Signs.app */,
				BC63F44921EF51490079BF4B /* SignsTests.xctest */,
				BC63F45421EF51490079BF4B /* SignsUITests.xctest */,
			);
			name = Products;
			sourceTree = "<group>";
		};
		BC63F43421EF51480079BF4B /* Signs */ = {
			isa = PBXGroup;
			children = (
				BC63F43521EF51480079BF4B /* AppDelegate.swift */,
				BC63F43721EF51480079BF4B /* ViewController.swift */,
				BC63F43921EF51480079BF4B /* Main.storyboard */,
				BC63F43F21EF51490079BF4B /* Assets.xcassets */,
				BC63F44121EF51490079BF4B /* LaunchScreen.storyboard */,
				BC63F44421EF51490079BF4B /* Info.plist */,
				BC63F43C21EF51480079BF4B /* Signs.xcdatamodeld */,
			);
			path = Signs;
			sourceTree = "<group>";
		};
		BC63F44C21EF51490079BF4B /* SignsTests */ = {
			isa = PBXGroup;
			children = (
				BC63F44D21EF51490079BF4B /* SignsTests.swift */,
				BC63F44F21EF51490079BF4B /* Info.plist */,
			);
			path = SignsTests;
			sourceTree = "<group>";
		};
		BC63F45721EF51490079BF4B /* SignsUITests */ = {
			isa = PBXGroup;
			children = (
				BC63F45821EF51490079BF4B /* SignsUITests.swift */,
				BC63F45A21EF51490079BF4B /* Info.plist */,
			);
			path = SignsUITests;
			sourceTree = "<group>";
		};
/* End PBXGroup section */

/* Begin PBXNativeTarget section */
		BC63F43121EF51480079BF4B /* Signs */ = {
			isa = PBXNativeTarget;
			buildConfigurationList = BC63F45D21EF51490079BF4B /* Build configuration list for PBXNativeTarget "Signs" */;
			buildPhases = (
				BC63F42E21EF51480079BF4B /* Sources */,
				BC63F42F21EF51480079BF4B /* Frameworks */,
				BC63F43021EF51480079BF4B /* Resources */,
			);
			buildRules = (
			);
			dependencies = (
			);
			name = Signs;
			productName = Signs;
			productReference = BC63F43221EF51480079BF4B /* Signs.app */;
			productType = "com.apple.product-type.application";
		};
		BC63F44821EF51490079BF4B /* SignsTests */ = {
			isa = PBXNativeTarget;
			buildConfigurationList = BC63F46021EF51490079BF4B /* Build configuration list for PBXNativeTarget "SignsTests" */;
			buildPhases = (
				BC63F44521EF51490079BF4B /* Sources */,
				BC63F44621EF51490079BF4B /* Frameworks */,
				BC63F44721EF51490079BF4B /* Resources */,
			);
			buildRules = (
			);
			dependencies = (
				BC63F44B21EF51490079BF4B /* PBXTargetDependency */,
			);
			name = SignsTests;
			productName = SignsTests;
			productReference = BC63F44921EF51490079BF4B /* SignsTests.xctest */;
			productType = "com.apple.product-type.bundle.unit-test";
		};
		BC63F45321EF51490079BF4B /* SignsUITests */ = {
			isa = PBXNativeTarget;
			buildConfigurationList = BC63F46321EF51490079BF4B /* Build configuration list for PBXNativeTarget "SignsUITests" */;
			buildPhases = (
				BC63F45021EF51490079BF4B /* Sources */,
				BC63F45121EF51490079BF4B /* Frameworks */,
				BC63F45221EF51490079BF4B /* Resources */,
			);
			buildRules = (
			);
			dependencies = (
				BC63F45621EF51490079BF4B /* PBXTargetDependency */,
			);
			name = SignsUITests;
			productName = SignsUITests;
			productReference = BC63F45421EF51490079BF4B /* SignsUITests.xctest */;
			productType = "com.apple.product-type.bundle.ui-testing";
		};
/* End PBXNativeTarget section */

/* Begin PBXProject section */
		BC63F42A21EF51480079BF4B /* Project object */ = {
			isa = PBXProject;
			attributes = {
				LastSwiftUpdateCheck = 1010;
				LastUpgradeCheck = 1010;
				ORGANIZATIONNAME = Sample;
				TargetAttributes = {
					BC63F43121EF51480079BF4B = {
						CreatedOnToolsVersion = 10.1;
					};
					BC63F44821EF51490079BF4B = {
						CreatedOnToolsVersion = 10.1;
						TestTargetID = BC63F43121EF51480079BF4B;
					};
					BC63F45321EF51490079BF4B = {
						CreatedOnToolsVersion = 10.1;
						TestTargetID = BC63F43121EF51480079BF4B;
					};
				};
			};
			buildConfigurationList = BC63F42D21EF51480079BF4B /* Build configuration list for PBXProject "Signs" */;
			compatibilityVersion = "Xcode 9.3";
			developmentRegion = en;
			hasScannedForEncodings = 0;
			knownRegions = (
				en,
				Base,
			);
			mainGroup = BC63F42921EF51480079BF4B;
			productRefGroup = BC63F43321EF51480079BF4B /* Products */;
			projectDirPath = "";
			projectRoot = "";
			targets = (
				BC63F43121EF51480079BF4B /* Signs */,
				BC63F44821EF51490079BF4B /* SignsTests */,
				BC63F45321EF51490079BF4B /* SignsUITests */,
			);
		};
/* End PBXProject section */

/* Begin PBXResourcesBuildPhase section */
		BC63F43021EF51480079BF4B /* Resources */ = {
			isa = PBXResourcesBuildPhase;
			buildActionMask = 2147483647;
			files = (
				BC63F44321EF51490079BF4B /* LaunchScreen.storyboard in Resources */,
				BC63F44021EF51490079BF4B /* Assets.xcassets in Resources */,
				BC63F43B21EF51480079BF4B /* Main.storyboard in Resources */,
			);
			runOnlyForDeploymentPostprocessing = 0;
		};
		BC63F44721EF51490079BF4B /* Resources */ = {
			isa = PBXResourcesBuildPhase;
			buildActionMask = 2147483647;
			files = (
			);
			runOnlyForDeploymentPostprocessing = 0;
		};
		BC63F45221EF51490079BF4B /* Resources */ = {
			isa = PBXResourcesBuildPhase;
			buildActionMask = 2147483647;
			files = (
			);
			runOnlyForDeploymentPostprocessing = 0;
		};
/* End PBXResourcesBuildPhase section */

/* Begin PBXSourcesBuildPhase section */
		BC63F42E21EF51480079BF4B /* Sources */ = {
			isa = PBXSourcesBuildPhase;
			buildActionMask = 2147483647;
			files = (
				BC63F43E21EF51480079BF4B /* Signs.xcdatamodeld in Sources */,
				BC63F43821EF51480079BF4B /* ViewController.swift in Sources */,
				BC63F43621EF51480079BF4B /* AppDelegate.swift in Sources */,
			);
			runOnlyForDeploymentPostprocessing = 0;
		};
		BC63F44521EF51490079BF4B /* Sources */ = {
			isa = PBXSourcesBuildPhase;
			buildActionMask = 2147483647;
			files = (
				BC63F44E21EF51490079BF4B /* SignsTests.swift in Sources */,
			);
			runOnlyForDeploymentPostprocessing = 0;
		};
		BC63F45021EF51490079BF4B /* Sources */ = {
			isa = PBXSourcesBuildPhase;
			buildActionMask = 2147483647;
			files = (
				BC63F45921EF51490079BF4B /* SignsUITests.swift in Sources */,
			);
			runOnlyForDeploymentPostprocessing = 0;
		};
/* End PBXSourcesBuildPhase section */

/* Begin PBXTargetDependency section */
		BC63F44B21EF51490079BF4B /* PBXTargetDependency */ = {
			isa = PBXTargetDependency;
			target = BC63F43121EF51480079BF4B /* Signs */;
			targetProxy = BC63F44A21EF51490079BF4B /* PBXContainerItemProxy */;
		};
		BC63F45621EF51490079BF4B /* PBXTargetDependency */ = {
			isa = PBXTargetDependency;
			target = BC63F43121EF51480079BF4B /* Signs */;
			targetProxy = BC63F45521EF51490079BF4B /* PBXContainerItemProxy */;
		};
/* End PBXTargetDependency section */

/* Begin PBXVariantGroup section */
		BC63F43921EF51480079BF4B /* Main.storyboard */ = {
			isa = PBXVariantGroup;
			children = (
				BC63F43A21EF51480079BF4B /* Base */,
			);
			name = Main.storyboard;
			sourceTree = "<group>";
		};
		BC63F44121EF51490079BF4B /* LaunchScreen.storyboard */ = {
			isa = PBXVariantGroup;
			children = (
				BC63F44221EF51490079BF4B /* Base */,
			);
			name = LaunchScreen.storyboard;
			sourceTree = "<group>";
		};
/* End PBXVariantGroup section */

/* Begin XCBuildConfiguration section */
		BC63F45B21EF51490079BF4B /* Debug */ = {
			isa = XCBuildConfiguration;
			buildSettings = {
				ALWAYS_SEARCH_USER_PATHS = NO;
				CLANG_ANALYZER_NONNULL = YES;
				CLANG_ANALYZER_NUMBER_OBJECT_CONVERSION = YES_AGGRESSIVE;
				CLANG_CXX_LANGUAGE_STANDARD = "gnu++14";
				CLANG_CXX_LIBRARY = "libc++";
				CLANG_ENABLE_MODULES = YES;
				CLANG_ENABLE_OBJC_ARC = YES;
				CLANG_ENABLE_OBJC_WEAK = YES;
				CLANG_WARN_BLOCK_CAPTURE_AUTORELEASING = YES;
				CLANG_WARN_BOOL_CONVERSION = YES;
				CLANG_WARN_COMMA = YES;
				CLANG_WARN_CONSTANT_CONVERSION = YES;
				CLANG_WARN_DEPRECATED_OBJC_IMPLEMENTATIONS = YES;
				CLANG_WARN_DIRECT_OBJC_ISA_USAGE = YES_ERROR;
				CLANG_WARN_DOCUMENTATION_COMMENTS = YES;
				CLANG_WARN_EMPTY_BODY = YES;
				CLANG_WARN_ENUM_CONVERSION = YES;
				CLANG_WARN_INFINITE_RECURSION = YES;
				CLANG_WARN_INT_CONVERSION = YES;
				CLANG_WARN_NON_LITERAL_NULL_CONVERSION = YES;
				CLANG_WARN_OBJC_IMPLICIT_RETAIN_SELF = YES;
				CLANG_WARN_OBJC_LITERAL_CONVERSION = YES;
				CLANG_WARN_OBJC_ROOT_CLASS = YES_ERROR;
				CLANG_WARN_RANGE_LOOP_ANALYSIS = YES;
				CLANG_WARN_STRICT_PROTOTYPES = YES;
				CLANG_WARN_SUSPICIOUS_MOVE = YES;
				CLANG_WARN_UNGUARDED_AVAILABILITY = YES_AGGRESSIVE;
				CLANG_WARN_UNREACHABLE_CODE = YES;
				CLANG_WARN__DUPLICATE_METHOD_MATCH = YES;
				CODE_SIGN_IDENTITY = "iPhone Developer";
				COPY_PHASE_STRIP = NO;
				DEBUG_INFORMATION_FORMAT = dwarf;
				ENABLE_STRICT_OBJC_MSGSEND = YES;
				ENABLE_TESTABILITY = YES;
				GCC_C_LANGUAGE_STANDARD = gnu11;
				GCC_DYNAMIC_NO_PIC = NO;
				GCC_NO_COMMON_BLOCKS = YES;
				GCC_OPTIMIZATION_LEVEL = 0;
				GCC_PREPROCESSOR_DEFINITIONS = (
					"DEBUG=1",
					"$(inherited)",
				);
				GCC_WARN_64_TO_32_BIT_CONVERSION = YES;
				GCC_WARN_ABOUT_RETURN_TYPE = YES_ERROR;
				GCC_WARN_UNDECLARED_SELECTOR = YES;
				GCC_WARN_UNINITIALIZED_AUTOS = YES_AGGRESSIVE;
				GCC_WARN_UNUSED_FUNCTION = YES;
				GCC_WARN_UNUSED_VARIABLE = YES;
				IPHONEOS_DEPLOYMENT_TARGET = 12.1;
				MTL_ENABLE_DEBUG_INFO = INCLUDE_SOURCE;
				MTL_FAST_MATH = YES;
				ONLY_ACTIVE_ARCH = YES;
				SDKROOT = iphoneos;
				SWIFT_ACTIVE_COMPILATION_CONDITIONS = DEBUG;
				SWIFT_OPTIMIZATION_LEVEL = "-Onone";
			};
			name = Debug;
		};
		BC63F45C21EF51490079BF4B /* Release */ = {
			isa = XCBuildConfiguration;
			buildSettings = {
				ALWAYS_SEARCH_USER_PATHS = NO;
				CLANG_ANALYZER_NONNULL = YES;
				CLANG_ANALYZER_NUMBER_OBJECT_CONVERSION = YES_AGGRESSIVE;
				CLANG_CXX_LANGUAGE_STANDARD = "gnu++14";
				CLANG_CXX_LIBRARY = "libc++";
				CLANG_ENABLE_MODULES = YES;
				CLANG_ENABLE_OBJC_ARC = YES;
				CLANG_ENABLE_OBJC_WEAK = YES;
				CLANG_WARN_BLOCK_CAPTURE_AUTORELEASING = YES;
				CLANG_WARN_BOOL_CONVERSION = YES;
				CLANG_WARN_COMMA = YES;
				CLANG_WARN_CONSTANT_CONVERSION = YES;
				CLANG_WARN_DEPRECATED_OBJC_IMPLEMENTATIONS = YES;
				CLANG_WARN_DIRECT_OBJC_ISA_USAGE = YES_ERROR;
				CLANG_WARN_DOCUMENTATION_COMMENTS = YES;
				CLANG_WARN_EMPTY_BODY = YES;
				CLANG_WARN_ENUM_CONVERSION = YES;
				CLANG_WARN_INFINITE_RECURSION = YES;
				CLANG_WARN_INT_CONVERSION = YES;
				CLANG_WARN_NON_LITERAL_NULL_CONVERSION = YES;
				CLANG_WARN_OBJC_IMPLICIT_RETAIN_SELF = YES;
				CLANG_WARN_OBJC_LITERAL_CONVERSION = YES;
				CLANG_WARN_OBJC_ROOT_CLASS = YES_ERROR;
				CLANG_WARN_RANGE_LOOP_ANALYSIS = YES;
				CLANG_WARN_STRICT_PROTOTYPES = YES;
				CLANG_WARN_SUSPICIOUS_MOVE = YES;
				CLANG_WARN_UNGUARDED_AVAILABILITY = YES_AGGRESSIVE;
				CLANG_WARN_UNREACHABLE_CODE = YES;
				CLANG_WARN__DUPLICATE_METHOD_MATCH = YES;
				CODE_SIGN_IDENTITY = "iPhone Developer";
				COPY_PHASE_STRIP = NO;
				DEBUG_INFORMATION_FORMAT = "dwarf-with-dsym";
				ENABLE_NS_ASSERTIONS = NO;
				ENABLE_STRICT_OBJC_MSGSEND = YES;
				GCC_C_LANGUAGE_STANDARD = gnu11;
				GCC_NO_COMMON_BLOCKS = YES;
				GCC_WARN_64_TO_32_BIT_CONVERSION = YES;
				GCC_WARN_ABOUT_RETURN_TYPE = YES_ERROR;
				GCC_WARN_UNDECLARED_SELECTOR = YES;
				GCC_WARN_UNINITIALIZED_AUTOS = YES_AGGRESSIVE;
				GCC_WARN_UNUSED_FUNCTION = YES;
				GCC_WARN_UNUSED_VARIABLE = YES;
				IPHONEOS_DEPLOYMENT_TARGET = 12.1;
				MTL_ENABLE_DEBUG_INFO = NO;
				MTL_FAST_MATH = YES;
				SDKROOT = iphoneos;
				SWIFT_COMPILATION_MODE = wholemodule;
				SWIFT_OPTIMIZATION_LEVEL = "-O";
				VALIDATE_PRODUCT = YES;
			};
			name = Release;
		};
		BC63F45E21EF51490079BF4B /* Debug */ = {
			isa = XCBuildConfiguration;
			buildSettings = {
				ASSETCATALOG_COMPILER_APPICON_NAME = AppIcon;
				CODE_SIGN_STYLE = Automatic;
				INFOPLIST_FILE = Signs/Info.plist;
				LD_RUNPATH_SEARCH_PATHS = (
					"$(inherited)",
					"@executable_path/Frameworks",
				);
				PRODUCT_BUNDLE_IDENTIFIER = Sample.Signs;
				PRODUCT_NAME = "$(TARGET_NAME)";
				SWIFT_VERSION = 4.2;
				TARGETED_DEVICE_FAMILY = "1,2";
			};
			name = Debug;
		};
		BC63F45F21EF51490079BF4B /* Release */ = {
			isa = XCBuildConfiguration;
			buildSettings = {
				ASSETCATALOG_COMPILER_APPICON_NAME = AppIcon;
				CODE_SIGN_STYLE = Automatic;
				INFOPLIST_FILE = Signs/Info.plist;
				LD_RUNPATH_SEARCH_PATHS = (
					"$(inherited)",
					"@executable_path/Frameworks",
				);
				PRODUCT_BUNDLE_IDENTIFIER = Sample.Signs;
				PRODUCT_NAME = "$(TARGET_NAME)";
				SWIFT_VERSION = 4.2;
				TARGETED_DEVICE_FAMILY = "1,2";
			};
			name = Release;
		};
		BC63F46121EF51490079BF4B /* Debug */ = {
			isa = XCBuildConfiguration;
			buildSettings = {
				ALWAYS_EMBED_SWIFT_STANDARD_LIBRARIES = YES;
				BUNDLE_LOADER = "$(TEST_HOST)";
				CODE_SIGN_STYLE = Automatic;
				INFOPLIST_FILE = SignsTests/Info.plist;
				LD_RUNPATH_SEARCH_PATHS = (
					"$(inherited)",
					"@executable_path/Frameworks",
					"@loader_path/Frameworks",
				);
				PRODUCT_BUNDLE_IDENTIFIER = Sample.SignsTests;
				PRODUCT_NAME = "$(TARGET_NAME)";
				SWIFT_VERSION = 4.2;
				TARGETED_DEVICE_FAMILY = "1,2";
				TEST_HOST = "$(BUILT_PRODUCTS_DIR)/Signs.app/Signs";
			};
			name = Debug;
		};
		BC63F46221EF51490079BF4B /* Release */ = {
			isa = XCBuildConfiguration;
			buildSettings = {
				ALWAYS_EMBED_SWIFT_STANDARD_LIBRARIES = YES;
				BUNDLE_LOADER = "$(TEST_HOST)";
				CODE_SIGN_STYLE = Automatic;
				INFOPLIST_FILE = SignsTests/Info.plist;
				LD_RUNPATH_SEARCH_PATHS = (
					"$(inherited)",
					"@executable_path/Frameworks",
					"@loader_path/Frameworks",
				);
				PRODUCT_BUNDLE_IDENTIFIER = Sample.SignsTests;
				PRODUCT_NAME = "$(TARGET_NAME)";
				SWIFT_VERSION = 4.2;
				TARGETED_DEVICE_FAMILY = "1,2";
				TEST_HOST = "$(BUILT_PRODUCTS_DIR)/Signs.app/Signs";
			};
			name = Release;
		};
		BC63F46421EF51490079BF4B /* Debug */ = {
			isa = XCBuildConfiguration;
			buildSettings = {
				ALWAYS_EMBED_SWIFT_STANDARD_LIBRARIES = YES;
				CODE_SIGN_STYLE = Automatic;
				INFOPLIST_FILE = SignsUITests/Info.plist;
				LD_RUNPATH_SEARCH_PATHS = (
					"$(inherited)",
					"@executable_path/Frameworks",
					"@loader_path/Frameworks",
				);
				PRODUCT_BUNDLE_IDENTIFIER = Sample.SignsUITests;
				PRODUCT_NAME = "$(TARGET_NAME)";
				SWIFT_VERSION = 4.2;
				TARGETED_DEVICE_FAMILY = "1,2";
				TEST_TARGET_NAME = Signs;
			};
			name = Debug;
		};
		BC63F46521EF51490079BF4B /* Release */ = {
			isa = XCBuildConfiguration;
			buildSettings = {
				ALWAYS_EMBED_SWIFT_STANDARD_LIBRARIES = YES;
				CODE_SIGN_STYLE = Automatic;
				INFOPLIST_FILE = SignsUITests/Info.plist;
				LD_RUNPATH_SEARCH_PATHS = (
					"$(inherited)",
					"@executable_path/Frameworks",
					"@loader_path/Frameworks",
				);
				PRODUCT_BUNDLE_IDENTIFIER = Sample.SignsUITests;
				PRODUCT_NAME = "$(TARGET_NAME)";
				SWIFT_VERSION = 4.2;
				TARGETED_DEVICE_FAMILY = "1,2";
				TEST_TARGET_NAME = Signs;
			};
			name = Release;
		};
/* End XCBuildConfiguration section */

/* Begin XCConfigurationList section */
		BC63F42D21EF51480079BF4B /* Build configuration list for PBXProject "Signs" */ = {
			isa = XCConfigurationList;
			buildConfigurations = (
				BC63F45B21EF51490079BF4B /* Debug */,
				BC63F45C21EF51490079BF4B /* Release */,
			);
			defaultConfigurationIsVisible = 0;
			defaultConfigurationName = Release;
		};
		BC63F45D21EF51490079BF4B /* Build configuration list for PBXNativeTarget "Signs" */ = {
			isa = XCConfigurationList;
			buildConfigurations = (
				BC63F45E21EF51490079BF4B /* Debug */,
				BC63F45F21EF51490079BF4B /* Release */,
			);
			defaultConfigurationIsVisible = 0;
			defaultConfigurationName = Release;
		};
		BC63F46021EF51490079BF4B /* Build configuration list for PBXNativeTarget "SignsTests" */ = {
			isa = XCConfigurationList;
			buildConfigurations = (
				BC63F46121EF51490079BF4B /* Debug */,
				BC63F46221EF51490079BF4B /* Release */,
			);
			defaultConfigurationIsVisible = 0;
			defaultConfigurationName = Release;
		};
		BC63F46321EF51490079BF4B /* Build configuration list for PBXNativeTarget "SignsUITests" */ = {
			isa = XCConfigurationList;
			buildConfigurations = (
				BC63F46421EF51490079BF4B /* Debug */,
				BC63F46521EF51490079BF4B /* Release */,
			);
			defaultConfigurationIsVisible = 0;
			defaultConfigurationName = Release;
		};
/* End XCConfigurationList section */

/* Begin XCVersionGroup section */
		BC63F43C21EF51480079BF4B /* Signs.xcdatamodeld */ = {
			isa = XCVersionGroup;
			children = (
				BC63F43D21EF51480079BF4B /* Signs.xcdatamodel */,
			);
			currentVersion = BC63F43D21EF51480079BF4B /* Signs.xcdatamodel */;
			path = Signs.xcdatamodeld;
			sourceTree = "<group>";
			versionGroupType = wrapper.xcdatamodel;
		};
/* End XCVersionGroup section */
	};
	rootObject = BC63F42A21EF51480079BF4B /* Project object */;
}
